
Microsoft Visual Studio Solution File, Format Version 12.00
# Visual Studio Version 16
VisualStudioVersion = 16.0.29102.190
MinimumVisualStudioVersion = 10.0.40219.1
Project("{2150E333-8FDC-42A3-9474-1A3956D46DE8}") = "src", "src", "{30192F3C-5578-4073-A7E3-BD81F0BD51DA}"
EndProject
Project("{2150E333-8FDC-42A3-9474-1A3956D46DE8}") = "test", "test", "{1AE4DFF2-1E08-44D1-B338-B9332F782B60}"
EndProject
Project("{2150E333-8FDC-42A3-9474-1A3956D46DE8}") = "02_Domain", "02_Domain", "{D9C9E226-728C-470C-A6B4-DEFD9A272A0E}"
EndProject
Project("{2150E333-8FDC-42A3-9474-1A3956D46DE8}") = "03_Application", "03_Application", "{411B80F8-CB09-46B5-8AFB-3958DA82B791}"
EndProject
Project("{9A19103F-16F7-4668-BE54-9A1E7A4F7556}") = "Ingos.Api.Test", "test\Ingos.Api.Test\Ingos.Api.Test.csproj", "{276C5E62-EAB4-45D2-A32D-68F2B043036C}"
EndProject
Project("{9A19103F-16F7-4668-BE54-9A1E7A4F7556}") = "Ingos.Application.Test", "test\Ingos.Application.Test\Ingos.Application.Test.csproj", "{9CDC54E7-E1EF-481C-AB2D-6C4D7E589308}"
EndProject
Project("{9A19103F-16F7-4668-BE54-9A1E7A4F7556}") = "Ingos.Infrastructure", "src\01_Infrastructure\Ingos.Infrastructure\Ingos.Infrastructure.csproj", "{65F7824B-4D36-48E6-8CF4-F987A0411532}"
EndProject
Project("{2150E333-8FDC-42A3-9474-1A3956D46DE8}") = "01_Infrastructure", "01_Infrastructure", "{6B7A7895-6E89-439C-8726-AB5A1CDB982C}"
EndProject
Project("{9A19103F-16F7-4668-BE54-9A1E7A4F7556}") = "Ingos.Api.Core", "src\01_Infrastructure\Ingos.Api.Core\Ingos.Api.Core.csproj", "{B025A428-A763-41E0-945E-66E00369E162}"
EndProject
Project("{9A19103F-16F7-4668-BE54-9A1E7A4F7556}") = "Ingos.Domain", "src\02_Domain\Ingos.Domain\Ingos.Domain.csproj", "{5FDF48D1-9A51-437C-A163-A67BC5D2536B}"
EndProject
Project("{9A19103F-16F7-4668-BE54-9A1E7A4F7556}") = "Ingos.Aggregate", "src\02_Domain\Ingos.Aggregate\Ingos.Aggregate.csproj", "{56E2DA7E-E6FC-44BD-90D5-5D84A3C7CD80}"
EndProject
Project("{9A19103F-16F7-4668-BE54-9A1E7A4F7556}") = "Ingos.EntityFrameworkCore", "src\01_Infrastructure\Ingos.EntityFrameworkCore\Ingos.EntityFrameworkCore.csproj", "{8479F36D-8B0D-4F30-ACED-D21356EF84E2}"
EndProject
Project("{9A19103F-16F7-4668-BE54-9A1E7A4F7556}") = "Ingos.Application", "src\03_Application\Ingos.Application\Ingos.Application.csproj", "{D12090D9-8D2B-44C2-BAFF-B8F8F61B505E}"
EndProject
Project("{FAE04EC0-301F-11D3-BF4B-00C04F79EFBC}") = "Ingos.Api", "src\Ingos.Api\Ingos.Api.csproj", "{EE58B0E2-0E14-43FC-AEAF-0DF482A06AC4}"
EndProject
Project("{E53339B2-1760-4266-BCC7-CA923CBCF16C}") = "docker-compose", "docker-compose.dcproj", "{24F390D4-42F7-4449-B765-77FD4D6BD1D8}"
EndProject
Global
	GlobalSection(SolutionConfigurationPlatforms) = preSolution
		Debug|Any CPU = Debug|Any CPU
		Release|Any CPU = Release|Any CPU
	EndGlobalSection
	GlobalSection(ProjectConfigurationPlatforms) = postSolution
		{276C5E62-EAB4-45D2-A32D-68F2B043036C}.Debug|Any CPU.ActiveCfg = Debug|Any CPU
		{276C5E62-EAB4-45D2-A32D-68F2B043036C}.Debug|Any CPU.Build.0 = Debug|Any CPU
		{276C5E62-EAB4-45D2-A32D-68F2B043036C}.Release|Any CPU.ActiveCfg = Release|Any CPU
		{276C5E62-EAB4-45D2-A32D-68F2B043036C}.Release|Any CPU.Build.0 = Release|Any CPU
		{9CDC54E7-E1EF-481C-AB2D-6C4D7E589308}.Debug|Any CPU.ActiveCfg = Debug|Any CPU
		{9CDC54E7-E1EF-481C-AB2D-6C4D7E589308}.Debug|Any CPU.Build.0 = Debug|Any CPU
		{9CDC54E7-E1EF-481C-AB2D-6C4D7E589308}.Release|Any CPU.ActiveCfg = Release|Any CPU
		{9CDC54E7-E1EF-481C-AB2D-6C4D7E589308}.Release|Any CPU.Build.0 = Release|Any CPU
		{65F7824B-4D36-48E6-8CF4-F987A0411532}.Debug|Any CPU.ActiveCfg = Debug|Any CPU
		{65F7824B-4D36-48E6-8CF4-F987A0411532}.Debug|Any CPU.Build.0 = Debug|Any CPU
		{65F7824B-4D36-48E6-8CF4-F987A0411532}.Release|Any CPU.ActiveCfg = Release|Any CPU
		{65F7824B-4D36-48E6-8CF4-F987A0411532}.Release|Any CPU.Build.0 = Release|Any CPU
		{B025A428-A763-41E0-945E-66E00369E162}.Debug|Any CPU.ActiveCfg = Debug|Any CPU
		{B025A428-A763-41E0-945E-66E00369E162}.Debug|Any CPU.Build.0 = Debug|Any CPU
		{B025A428-A763-41E0-945E-66E00369E162}.Release|Any CPU.ActiveCfg = Release|Any CPU
		{B025A428-A763-41E0-945E-66E00369E162}.Release|Any CPU.Build.0 = Release|Any CPU
		{5FDF48D1-9A51-437C-A163-A67BC5D2536B}.Debug|Any CPU.ActiveCfg = Debug|Any CPU
		{5FDF48D1-9A51-437C-A163-A67BC5D2536B}.Debug|Any CPU.Build.0 = Debug|Any CPU
		{5FDF48D1-9A51-437C-A163-A67BC5D2536B}.Release|Any CPU.ActiveCfg = Release|Any CPU
		{5FDF48D1-9A51-437C-A163-A67BC5D2536B}.Release|Any CPU.Build.0 = Release|Any CPU
		{56E2DA7E-E6FC-44BD-90D5-5D84A3C7CD80}.Debug|Any CPU.ActiveCfg = Debug|Any CPU
		{56E2DA7E-E6FC-44BD-90D5-5D84A3C7CD80}.Debug|Any CPU.Build.0 = Debug|Any CPU
		{56E2DA7E-E6FC-44BD-90D5-5D84A3C7CD80}.Release|Any CPU.ActiveCfg = Release|Any CPU
		{56E2DA7E-E6FC-44BD-90D5-5D84A3C7CD80}.Release|Any CPU.Build.0 = Release|Any CPU
		{8479F36D-8B0D-4F30-ACED-D21356EF84E2}.Debug|Any CPU.ActiveCfg = Debug|Any CPU
		{8479F36D-8B0D-4F30-ACED-D21356EF84E2}.Debug|Any CPU.Build.0 = Debug|Any CPU
		{8479F36D-8B0D-4F30-ACED-D21356EF84E2}.Release|Any CPU.ActiveCfg = Release|Any CPU
		{8479F36D-8B0D-4F30-ACED-D21356EF84E2}.Release|Any CPU.Build.0 = Release|Any CPU
		{D12090D9-8D2B-44C2-BAFF-B8F8F61B505E}.Debug|Any CPU.ActiveCfg = Debug|Any CPU
		{D12090D9-8D2B-44C2-BAFF-B8F8F61B505E}.Debug|Any CPU.Build.0 = Debug|Any CPU
		{D12090D9-8D2B-44C2-BAFF-B8F8F61B505E}.Release|Any CPU.ActiveCfg = Release|Any CPU
		{D12090D9-8D2B-44C2-BAFF-B8F8F61B505E}.Release|Any CPU.Build.0 = Release|Any CPU
		{EE58B0E2-0E14-43FC-AEAF-0DF482A06AC4}.Debug|Any CPU.ActiveCfg = Debug|Any CPU
		{EE58B0E2-0E14-43FC-AEAF-0DF482A06AC4}.Debug|Any CPU.Build.0 = Debug|Any CPU
		{EE58B0E2-0E14-43FC-AEAF-0DF482A06AC4}.Release|Any CPU.ActiveCfg = Release|Any CPU
		{EE58B0E2-0E14-43FC-AEAF-0DF482A06AC4}.Release|Any CPU.Build.0 = Release|Any CPU
		{24F390D4-42F7-4449-B765-77FD4D6BD1D8}.Debug|Any CPU.ActiveCfg = Debug|Any CPU
		{24F390D4-42F7-4449-B765-77FD4D6BD1D8}.Debug|Any CPU.Build.0 = Debug|Any CPU
		{24F390D4-42F7-4449-B765-77FD4D6BD1D8}.Release|Any CPU.ActiveCfg = Release|Any CPU
		{24F390D4-42F7-4449-B765-77FD4D6BD1D8}.Release|Any CPU.Build.0 = Release|Any CPU
	EndGlobalSection
	GlobalSection(SolutionProperties) = preSolution
		HideSolutionNode = FALSE
	EndGlobalSection
	GlobalSection(NestedProjects) = preSolution
		{D9C9E226-728C-470C-A6B4-DEFD9A272A0E} = {30192F3C-5578-4073-A7E3-BD81F0BD51DA}
		{411B80F8-CB09-46B5-8AFB-3958DA82B791} = {30192F3C-5578-4073-A7E3-BD81F0BD51DA}
		{276C5E62-EAB4-45D2-A32D-68F2B043036C} = {1AE4DFF2-1E08-44D1-B338-B9332F782B60}
		{9CDC54E7-E1EF-481C-AB2D-6C4D7E589308} = {1AE4DFF2-1E08-44D1-B338-B9332F782B60}
		{65F7824B-4D36-48E6-8CF4-F987A0411532} = {6B7A7895-6E89-439C-8726-AB5A1CDB982C}
		{6B7A7895-6E89-439C-8726-AB5A1CDB982C} = {30192F3C-5578-4073-A7E3-BD81F0BD51DA}
		{B025A428-A763-41E0-945E-66E00369E162} = {6B7A7895-6E89-439C-8726-AB5A1CDB982C}
		{5FDF48D1-9A51-437C-A163-A67BC5D2536B} = {D9C9E226-728C-470C-A6B4-DEFD9A272A0E}
		{56E2DA7E-E6FC-44BD-90D5-5D84A3C7CD80} = {D9C9E226-728C-470C-A6B4-DEFD9A272A0E}
		{8479F36D-8B0D-4F30-ACED-D21356EF84E2} = {6B7A7895-6E89-439C-8726-AB5A1CDB982C}
		{D12090D9-8D2B-44C2-BAFF-B8F8F61B505E} = {411B80F8-CB09-46B5-8AFB-3958DA82B791}
		{EE58B0E2-0E14-43FC-AEAF-0DF482A06AC4} = {30192F3C-5578-4073-A7E3-BD81F0BD51DA}
	EndGlobalSection
	GlobalSection(ExtensibilityGlobals) = postSolution
		SolutionGuid = {A0C78475-05DA-409F-88B6-5B7FFD91EAA2}
	EndGlobalSection
EndGlobal
